// !$*UTF8*$!
{
	archiveVersion = 1;
	classes = {
	};
	objectVersion = 56;
	objects = {

/* Begin PBXBuildFile section */
		54464AEF2BAB735D00AF2786 /* TaskBootcampView.swift in Sources */ = {isa = PBXBuildFile; fileRef = 54464AEE2BAB735D00AF2786 /* TaskBootcampView.swift */; };
		548A63FC2BD54802007906E9 /* AsyncLetBootCamp.swift in Sources */ = {isa = PBXBuildFile; fileRef = 548A63FB2BD54802007906E9 /* AsyncLetBootCamp.swift */; };
		548A63FF2BD6EC69007906E9 /* TaskGroupBootcamp.swift in Sources */ = {isa = PBXBuildFile; fileRef = 548A63FE2BD6EC69007906E9 /* TaskGroupBootcamp.swift */; };
		548A64022BD701A1007906E9 /* CheckedContinuationBootcamp.swift in Sources */ = {isa = PBXBuildFile; fileRef = 548A64012BD701A1007906E9 /* CheckedContinuationBootcamp.swift */; };
		549BC9BF2BA9FF1D00E57DA4 /* AsyncAwaitBootcamp.swift in Sources */ = {isa = PBXBuildFile; fileRef = 549BC9BE2BA9FF1D00E57DA4 /* AsyncAwaitBootcamp.swift */; };
		54D477F42BA8720000349CC3 /* SwiftConcurencyBootcampApp.swift in Sources */ = {isa = PBXBuildFile; fileRef = 54D477F32BA8720000349CC3 /* SwiftConcurencyBootcampApp.swift */; };
		54D477F62BA8720000349CC3 /* ContentView.swift in Sources */ = {isa = PBXBuildFile; fileRef = 54D477F52BA8720000349CC3 /* ContentView.swift */; };
		54D477F82BA8720100349CC3 /* Assets.xcassets in Resources */ = {isa = PBXBuildFile; fileRef = 54D477F72BA8720100349CC3 /* Assets.xcassets */; };
		54D477FB2BA8720100349CC3 /* Preview Assets.xcassets in Resources */ = {isa = PBXBuildFile; fileRef = 54D477FA2BA8720100349CC3 /* Preview Assets.xcassets */; };
		54D478022BA8721700349CC3 /* DoCatchTryThrowsBootcamp.swift in Sources */ = {isa = PBXBuildFile; fileRef = 54D478012BA8721700349CC3 /* DoCatchTryThrowsBootcamp.swift */; };
		54D478042BA880C800349CC3 /* DownloadImageAsync.swift in Sources */ = {isa = PBXBuildFile; fileRef = 54D478032BA880C800349CC3 /* DownloadImageAsync.swift */; };
		EB7195A02BAC5C8200B61940 /* CancellableTaskBootcampView.swift in Sources */ = {isa = PBXBuildFile; fileRef = EB71959F2BAC5C8200B61940 /* CancellableTaskBootcampView.swift */; };
/* End PBXBuildFile section */

/* Begin PBXFileReference section */
		54464AEE2BAB735D00AF2786 /* TaskBootcampView.swift */ = {isa = PBXFileReference; lastKnownFileType = sourcecode.swift; path = TaskBootcampView.swift; sourceTree = "<group>"; };
		548A63FB2BD54802007906E9 /* AsyncLetBootCamp.swift */ = {isa = PBXFileReference; lastKnownFileType = sourcecode.swift; path = AsyncLetBootCamp.swift; sourceTree = "<group>"; };
		548A63FE2BD6EC69007906E9 /* TaskGroupBootcamp.swift */ = {isa = PBXFileReference; lastKnownFileType = sourcecode.swift; path = TaskGroupBootcamp.swift; sourceTree = "<group>"; };
		548A64012BD701A1007906E9 /* CheckedContinuationBootcamp.swift */ = {isa = PBXFileReference; lastKnownFileType = sourcecode.swift; path = CheckedContinuationBootcamp.swift; sourceTree = "<group>"; };
		549BC9BE2BA9FF1D00E57DA4 /* AsyncAwaitBootcamp.swift */ = {isa = PBXFileReference; lastKnownFileType = sourcecode.swift; path = AsyncAwaitBootcamp.swift; sourceTree = "<group>"; };
		54D477F02BA8720000349CC3 /* SwiftConcurencyBootcamp.app */ = {isa = PBXFileReference; explicitFileType = wrapper.application; includeInIndex = 0; path = SwiftConcurencyBootcamp.app; sourceTree = BUILT_PRODUCTS_DIR; };
		54D477F32BA8720000349CC3 /* SwiftConcurencyBootcampApp.swift */ = {isa = PBXFileReference; lastKnownFileType = sourcecode.swift; path = SwiftConcurencyBootcampApp.swift; sourceTree = "<group>"; };
		54D477F52BA8720000349CC3 /* ContentView.swift */ = {isa = PBXFileReference; lastKnownFileType = sourcecode.swift; path = ContentView.swift; sourceTree = "<group>"; };
		54D477F72BA8720100349CC3 /* Assets.xcassets */ = {isa = PBXFileReference; lastKnownFileType = folder.assetcatalog; path = Assets.xcassets; sourceTree = "<group>"; };
		54D477FA2BA8720100349CC3 /* Preview Assets.xcassets */ = {isa = PBXFileReference; lastKnownFileType = folder.assetcatalog; path = "Preview Assets.xcassets"; sourceTree = "<group>"; };
		54D478012BA8721700349CC3 /* DoCatchTryThrowsBootcamp.swift */ = {isa = PBXFileReference; lastKnownFileType = sourcecode.swift; path = DoCatchTryThrowsBootcamp.swift; sourceTree = "<group>"; };
		54D478032BA880C800349CC3 /* DownloadImageAsync.swift */ = {isa = PBXFileReference; lastKnownFileType = sourcecode.swift; path = DownloadImageAsync.swift; sourceTree = "<group>"; };
		EB71959F2BAC5C8200B61940 /* CancellableTaskBootcampView.swift */ = {isa = PBXFileReference; lastKnownFileType = sourcecode.swift; path = CancellableTaskBootcampView.swift; sourceTree = "<group>"; };
/* End PBXFileReference section */

/* Begin PBXFrameworksBuildPhase section */
		54D477ED2BA8720000349CC3 /* Frameworks */ = {
			isa = PBXFrameworksBuildPhase;
			buildActionMask = 2147483647;
			files = (
			);
			runOnlyForDeploymentPostprocessing = 0;
		};
/* End PBXFrameworksBuildPhase section */

/* Begin PBXGroup section */
		548A63FA2BD543CB007906E9 /* AsyncLet */ = {
			isa = PBXGroup;
			children = (
				548A63FB2BD54802007906E9 /* AsyncLetBootCamp.swift */,
			);
			path = AsyncLet;
			sourceTree = "<group>";
		};
		548A63FD2BD6EC54007906E9 /* TaskGroup */ = {
			isa = PBXGroup;
			children = (
				548A63FE2BD6EC69007906E9 /* TaskGroupBootcamp.swift */,
			);
			path = TaskGroup;
			sourceTree = "<group>";
		};
		548A64002BD7015C007906E9 /* Continuation */ = {
			isa = PBXGroup;
			children = (
				548A64012BD701A1007906E9 /* CheckedContinuationBootcamp.swift */,
			);
			path = Continuation;
			sourceTree = "<group>";
		};
		54D477E72BA8720000349CC3 = {
			isa = PBXGroup;
			children = (
				54D477F22BA8720000349CC3 /* SwiftConcurencyBootcamp */,
				54D477F12BA8720000349CC3 /* Products */,
			);
			sourceTree = "<group>";
		};
		54D477F12BA8720000349CC3 /* Products */ = {
			isa = PBXGroup;
			children = (
				54D477F02BA8720000349CC3 /* SwiftConcurencyBootcamp.app */,
			);
			name = Products;
			sourceTree = "<group>";
		};
		54D477F22BA8720000349CC3 /* SwiftConcurencyBootcamp */ = {
			isa = PBXGroup;
			children = (
				548A64002BD7015C007906E9 /* Continuation */,
				548A63FD2BD6EC54007906E9 /* TaskGroup */,
				548A63FA2BD543CB007906E9 /* AsyncLet */,
				EB71959E2BAC5C5D00B61940 /* DoCatchTry */,
				EB71959D2BAC5C5500B61940 /* DownloadImage */,
				EB71959C2BAC5C4300B61940 /* AsyncAwait */,
				EB71959B2BAC5C3800B61940 /* Task */,
				54D477F32BA8720000349CC3 /* SwiftConcurencyBootcampApp.swift */,
				54D477F52BA8720000349CC3 /* ContentView.swift */,
				54D477F72BA8720100349CC3 /* Assets.xcassets */,
				54D477F92BA8720100349CC3 /* Preview Content */,
			);
			path = SwiftConcurencyBootcamp;
			sourceTree = "<group>";
		};
		54D477F92BA8720100349CC3 /* Preview Content */ = {
			isa = PBXGroup;
			children = (
				54D477FA2BA8720100349CC3 /* Preview Assets.xcassets */,
			);
			path = "Preview Content";
			sourceTree = "<group>";
		};
		EB71959B2BAC5C3800B61940 /* Task */ = {
			isa = PBXGroup;
			children = (
				54464AEE2BAB735D00AF2786 /* TaskBootcampView.swift */,
				EB71959F2BAC5C8200B61940 /* CancellableTaskBootcampView.swift */,
			);
			path = Task;
			sourceTree = "<group>";
		};
		EB71959C2BAC5C4300B61940 /* AsyncAwait */ = {
			isa = PBXGroup;
			children = (
				549BC9BE2BA9FF1D00E57DA4 /* AsyncAwaitBootcamp.swift */,
			);
			path = AsyncAwait;
			sourceTree = "<group>";
		};
		EB71959D2BAC5C5500B61940 /* DownloadImage */ = {
			isa = PBXGroup;
			children = (
				54D478032BA880C800349CC3 /* DownloadImageAsync.swift */,
			);
			path = DownloadImage;
			sourceTree = "<group>";
		};
		EB71959E2BAC5C5D00B61940 /* DoCatchTry */ = {
			isa = PBXGroup;
			children = (
				54D478012BA8721700349CC3 /* DoCatchTryThrowsBootcamp.swift */,
			);
			path = DoCatchTry;
			sourceTree = "<group>";
		};
/* End PBXGroup section */

/* Begin PBXNativeTarget section */
		54D477EF2BA8720000349CC3 /* SwiftConcurencyBootcamp */ = {
			isa = PBXNativeTarget;
			buildConfigurationList = 54D477FE2BA8720100349CC3 /* Build configuration list for PBXNativeTarget "SwiftConcurencyBootcamp" */;
			buildPhases = (
				54D477EC2BA8720000349CC3 /* Sources */,
				54D477ED2BA8720000349CC3 /* Frameworks */,
				54D477EE2BA8720000349CC3 /* Resources */,
			);
			buildRules = (
			);
			dependencies = (
			);
			name = SwiftConcurencyBootcamp;
			productName = SwiftConcurencyBootcamp;
			productReference = 54D477F02BA8720000349CC3 /* SwiftConcurencyBootcamp.app */;
			productType = "com.apple.product-type.application";
		};
/* End PBXNativeTarget section */

/* Begin PBXProject section */
		54D477E82BA8720000349CC3 /* Project object */ = {
			isa = PBXProject;
			attributes = {
				BuildIndependentTargetsInParallel = 1;
				LastSwiftUpdateCheck = 1530;
				LastUpgradeCheck = 1530;
				TargetAttributes = {
					54D477EF2BA8720000349CC3 = {
						CreatedOnToolsVersion = 15.3;
					};
				};
			};
			buildConfigurationList = 54D477EB2BA8720000349CC3 /* Build configuration list for PBXProject "SwiftConcurencyBootcamp" */;
			compatibilityVersion = "Xcode 14.0";
			developmentRegion = en;
			hasScannedForEncodings = 0;
			knownRegions = (
				en,
				Base,
			);
			mainGroup = 54D477E72BA8720000349CC3;
			productRefGroup = 54D477F12BA8720000349CC3 /* Products */;
			projectDirPath = "";
			projectRoot = "";
			targets = (
				54D477EF2BA8720000349CC3 /* SwiftConcurencyBootcamp */,
			);
		};
/* End PBXProject section */

/* Begin PBXResourcesBuildPhase section */
		54D477EE2BA8720000349CC3 /* Resources */ = {
			isa = PBXResourcesBuildPhase;
			buildActionMask = 2147483647;
			files = (
				54D477FB2BA8720100349CC3 /* Preview Assets.xcassets in Resources */,
				54D477F82BA8720100349CC3 /* Assets.xcassets in Resources */,
			);
			runOnlyForDeploymentPostprocessing = 0;
		};
/* End PBXResourcesBuildPhase section */

/* Begin PBXSourcesBuildPhase section */
		54D477EC2BA8720000349CC3 /* Sources */ = {
			isa = PBXSourcesBuildPhase;
			buildActionMask = 2147483647;
			files = (
				548A63FF2BD6EC69007906E9 /* TaskGroupBootcamp.swift in Sources */,
				54D478042BA880C800349CC3 /* DownloadImageAsync.swift in Sources */,
				548A63FC2BD54802007906E9 /* AsyncLetBootCamp.swift in Sources */,
				54D478022BA8721700349CC3 /* DoCatchTryThrowsBootcamp.swift in Sources */,
				54D477F62BA8720000349CC3 /* ContentView.swift in Sources */,
				EB7195A02BAC5C8200B61940 /* CancellableTaskBootcampView.swift in Sources */,
				54464AEF2BAB735D00AF2786 /* TaskBootcampView.swift in Sources */,
				549BC9BF2BA9FF1D00E57DA4 /* AsyncAwaitBootcamp.swift in Sources */,
				54D477F42BA8720000349CC3 /* SwiftConcurencyBootcampApp.swift in Sources */,
				548A64022BD701A1007906E9 /* CheckedContinuationBootcamp.swift in Sources */,
			);
			runOnlyForDeploymentPostprocessing = 0;
		};
/* End PBXSourcesBuildPhase section */

/* Begin XCBuildConfiguration section */
		54D477FC2BA8720100349CC3 /* Debug */ = {
			isa = XCBuildConfiguration;
			buildSettings = {
				ALWAYS_SEARCH_USER_PATHS = NO;
				ASSETCATALOG_COMPILER_GENERATE_SWIFT_ASSET_SYMBOL_EXTENSIONS = YES;
				CLANG_ANALYZER_NONNULL = YES;
				CLANG_ANALYZER_NUMBER_OBJECT_CONVERSION = YES_AGGRESSIVE;
				CLANG_CXX_LANGUAGE_STANDARD = "gnu++20";
				CLANG_ENABLE_MODULES = YES;
				CLANG_ENABLE_OBJC_ARC = YES;
				CLANG_ENABLE_OBJC_WEAK = YES;
				CLANG_WARN_BLOCK_CAPTURE_AUTORELEASING = YES;
				CLANG_WARN_BOOL_CONVERSION = YES;
				CLANG_WARN_COMMA = YES;
				CLANG_WARN_CONSTANT_CONVERSION = YES;
				CLANG_WARN_DEPRECATED_OBJC_IMPLEMENTATIONS = YES;
				CLANG_WARN_DIRECT_OBJC_ISA_USAGE = YES_ERROR;
				CLANG_WARN_DOCUMENTATION_COMMENTS = YES;
				CLANG_WARN_EMPTY_BODY = YES;
				CLANG_WARN_ENUM_CONVERSION = YES;
				CLANG_WARN_INFINITE_RECURSION = YES;
				CLANG_WARN_INT_CONVERSION = YES;
				CLANG_WARN_NON_LITERAL_NULL_CONVERSION = YES;
				CLANG_WARN_OBJC_IMPLICIT_RETAIN_SELF = YES;
				CLANG_WARN_OBJC_LITERAL_CONVERSION = YES;
				CLANG_WARN_OBJC_ROOT_CLASS = YES_ERROR;
				CLANG_WARN_QUOTED_INCLUDE_IN_FRAMEWORK_HEADER = YES;
				CLANG_WARN_RANGE_LOOP_ANALYSIS = YES;
				CLANG_WARN_STRICT_PROTOTYPES = YES;
				CLANG_WARN_SUSPICIOUS_MOVE = YES;
				CLANG_WARN_UNGUARDED_AVAILABILITY = YES_AGGRESSIVE;
				CLANG_WARN_UNREACHABLE_CODE = YES;
				CLANG_WARN__DUPLICATE_METHOD_MATCH = YES;
				COPY_PHASE_STRIP = NO;
				DEBUG_INFORMATION_FORMAT = dwarf;
				ENABLE_STRICT_OBJC_MSGSEND = YES;
				ENABLE_TESTABILITY = YES;
				ENABLE_USER_SCRIPT_SANDBOXING = YES;
				GCC_C_LANGUAGE_STANDARD = gnu17;
				GCC_DYNAMIC_NO_PIC = NO;
				GCC_NO_COMMON_BLOCKS = YES;
				GCC_OPTIMIZATION_LEVEL = 0;
				GCC_PREPROCESSOR_DEFINITIONS = (
					"DEBUG=1",
					"$(inherited)",
				);
				GCC_WARN_64_TO_32_BIT_CONVERSION = YES;
				GCC_WARN_ABOUT_RETURN_TYPE = YES_ERROR;
				GCC_WARN_UNDECLARED_SELECTOR = YES;
				GCC_WARN_UNINITIALIZED_AUTOS = YES_AGGRESSIVE;
				GCC_WARN_UNUSED_FUNCTION = YES;
				GCC_WARN_UNUSED_VARIABLE = YES;
				IPHONEOS_DEPLOYMENT_TARGET = 17.4;
				LOCALIZATION_PREFERS_STRING_CATALOGS = YES;
				MTL_ENABLE_DEBUG_INFO = INCLUDE_SOURCE;
				MTL_FAST_MATH = YES;
				ONLY_ACTIVE_ARCH = YES;
				SDKROOT = iphoneos;
				SWIFT_ACTIVE_COMPILATION_CONDITIONS = "DEBUG $(inherited)";
				SWIFT_OPTIMIZATION_LEVEL = "-Onone";
			};
			name = Debug;
		};
		54D477FD2BA8720100349CC3 /* Release */ = {
			isa = XCBuildConfiguration;
			buildSettings = {
				ALWAYS_SEARCH_USER_PATHS = NO;
				ASSETCATALOG_COMPILER_GENERATE_SWIFT_ASSET_SYMBOL_EXTENSIONS = YES;
				CLANG_ANALYZER_NONNULL = YES;
				CLANG_ANALYZER_NUMBER_OBJECT_CONVERSION = YES_AGGRESSIVE;
				CLANG_CXX_LANGUAGE_STANDARD = "gnu++20";
				CLANG_ENABLE_MODULES = YES;
				CLANG_ENABLE_OBJC_ARC = YES;
				CLANG_ENABLE_OBJC_WEAK = YES;
				CLANG_WARN_BLOCK_CAPTURE_AUTORELEASING = YES;
				CLANG_WARN_BOOL_CONVERSION = YES;
				CLANG_WARN_COMMA = YES;
				CLANG_WARN_CONSTANT_CONVERSION = YES;
				CLANG_WARN_DEPRECATED_OBJC_IMPLEMENTATIONS = YES;
				CLANG_WARN_DIRECT_OBJC_ISA_USAGE = YES_ERROR;
				CLANG_WARN_DOCUMENTATION_COMMENTS = YES;
				CLANG_WARN_EMPTY_BODY = YES;
				CLANG_WARN_ENUM_CONVERSION = YES;
				CLANG_WARN_INFINITE_RECURSION = YES;
				CLANG_WARN_INT_CONVERSION = YES;
				CLANG_WARN_NON_LITERAL_NULL_CONVERSION = YES;
				CLANG_WARN_OBJC_IMPLICIT_RETAIN_SELF = YES;
				CLANG_WARN_OBJC_LITERAL_CONVERSION = YES;
				CLANG_WARN_OBJC_ROOT_CLASS = YES_ERROR;
				CLANG_WARN_QUOTED_INCLUDE_IN_FRAMEWORK_HEADER = YES;
				CLANG_WARN_RANGE_LOOP_ANALYSIS = YES;
				CLANG_WARN_STRICT_PROTOTYPES = YES;
				CLANG_WARN_SUSPICIOUS_MOVE = YES;
				CLANG_WARN_UNGUARDED_AVAILABILITY = YES_AGGRESSIVE;
				CLANG_WARN_UNREACHABLE_CODE = YES;
				CLANG_WARN__DUPLICATE_METHOD_MATCH = YES;
				COPY_PHASE_STRIP = NO;
				DEBUG_INFORMATION_FORMAT = "dwarf-with-dsym";
				ENABLE_NS_ASSERTIONS = NO;
				ENABLE_STRICT_OBJC_MSGSEND = YES;
				ENABLE_USER_SCRIPT_SANDBOXING = YES;
				GCC_C_LANGUAGE_STANDARD = gnu17;
				GCC_NO_COMMON_BLOCKS = YES;
				GCC_WARN_64_TO_32_BIT_CONVERSION = YES;
				GCC_WARN_ABOUT_RETURN_TYPE = YES_ERROR;
				GCC_WARN_UNDECLARED_SELECTOR = YES;
				GCC_WARN_UNINITIALIZED_AUTOS = YES_AGGRESSIVE;
				GCC_WARN_UNUSED_FUNCTION = YES;
				GCC_WARN_UNUSED_VARIABLE = YES;
				IPHONEOS_DEPLOYMENT_TARGET = 17.4;
				LOCALIZATION_PREFERS_STRING_CATALOGS = YES;
				MTL_ENABLE_DEBUG_INFO = NO;
				MTL_FAST_MATH = YES;
				SDKROOT = iphoneos;
				SWIFT_COMPILATION_MODE = wholemodule;
				VALIDATE_PRODUCT = YES;
			};
			name = Release;
		};
		54D477FF2BA8720100349CC3 /* Debug */ = {
			isa = XCBuildConfiguration;
			buildSettings = {
				ASSETCATALOG_COMPILER_APPICON_NAME = AppIcon;
				ASSETCATALOG_COMPILER_GLOBAL_ACCENT_COLOR_NAME = AccentColor;
				CODE_SIGN_STYLE = Automatic;
				CURRENT_PROJECT_VERSION = 1;
				DEVELOPMENT_ASSET_PATHS = "\"SwiftConcurencyBootcamp/Preview Content\"";
				DEVELOPMENT_TEAM = URW7UZ7N64;
				ENABLE_PREVIEWS = YES;
				GENERATE_INFOPLIST_FILE = YES;
				INFOPLIST_KEY_UIApplicationSceneManifest_Generation = YES;
				INFOPLIST_KEY_UIApplicationSupportsIndirectInputEvents = YES;
				INFOPLIST_KEY_UILaunchScreen_Generation = YES;
				INFOPLIST_KEY_UISupportedInterfaceOrientations_iPad = "UIInterfaceOrientationPortrait UIInterfaceOrientationPortraitUpsideDown UIInterfaceOrientationLandscapeLeft UIInterfaceOrientationLandscapeRight";
				INFOPLIST_KEY_UISupportedInterfaceOrientations_iPhone = "UIInterfaceOrientationPortrait UIInterfaceOrientationLandscapeLeft UIInterfaceOrientationLandscapeRight";
				LD_RUNPATH_SEARCH_PATHS = (
					"$(inherited)",
					"@executable_path/Frameworks",
				);
				MARKETING_VERSION = 1.0;
				PRODUCT_BUNDLE_IDENTIFIER = vipersoft.tech.SwiftConcurencyBootcamp;
				PRODUCT_NAME = "$(TARGET_NAME)";
				SWIFT_EMIT_LOC_STRINGS = YES;
				SWIFT_VERSION = 5.0;
				TARGETED_DEVICE_FAMILY = "1,2";
			};
			name = Debug;
		};
		54D478002BA8720100349CC3 /* Release */ = {
			isa = XCBuildConfiguration;
			buildSettings = {
				ASSETCATALOG_COMPILER_APPICON_NAME = AppIcon;
				ASSETCATALOG_COMPILER_GLOBAL_ACCENT_COLOR_NAME = AccentColor;
				CODE_SIGN_STYLE = Automatic;
				CURRENT_PROJECT_VERSION = 1;
				DEVELOPMENT_ASSET_PATHS = "\"SwiftConcurencyBootcamp/Preview Content\"";
				DEVELOPMENT_TEAM = URW7UZ7N64;
				ENABLE_PREVIEWS = YES;
				GENERATE_INFOPLIST_FILE = YES;
				INFOPLIST_KEY_UIApplicationSceneManifest_Generation = YES;
				INFOPLIST_KEY_UIApplicationSupportsIndirectInputEvents = YES;
				INFOPLIST_KEY_UILaunchScreen_Generation = YES;
				INFOPLIST_KEY_UISupportedInterfaceOrientations_iPad = "UIInterfaceOrientationPortrait UIInterfaceOrientationPortraitUpsideDown UIInterfaceOrientationLandscapeLeft UIInterfaceOrientationLandscapeRight";
				INFOPLIST_KEY_UISupportedInterfaceOrientations_iPhone = "UIInterfaceOrientationPortrait UIInterfaceOrientationLandscapeLeft UIInterfaceOrientationLandscapeRight";
				LD_RUNPATH_SEARCH_PATHS = (
					"$(inherited)",
					"@executable_path/Frameworks",
				);
				MARKETING_VERSION = 1.0;
				PRODUCT_BUNDLE_IDENTIFIER = vipersoft.tech.SwiftConcurencyBootcamp;
				PRODUCT_NAME = "$(TARGET_NAME)";
				SWIFT_EMIT_LOC_STRINGS = YES;
				SWIFT_VERSION = 5.0;
				TARGETED_DEVICE_FAMILY = "1,2";
			};
			name = Release;
		};
/* End XCBuildConfiguration section */

/* Begin XCConfigurationList section */
		54D477EB2BA8720000349CC3 /* Build configuration list for PBXProject "SwiftConcurencyBootcamp" */ = {
			isa = XCConfigurationList;
			buildConfigurations = (
				54D477FC2BA8720100349CC3 /* Debug */,
				54D477FD2BA8720100349CC3 /* Release */,
			);
			defaultConfigurationIsVisible = 0;
			defaultConfigurationName = Release;
		};
		54D477FE2BA8720100349CC3 /* Build configuration list for PBXNativeTarget "SwiftConcurencyBootcamp" */ = {
			isa = XCConfigurationList;
			buildConfigurations = (
				54D477FF2BA8720100349CC3 /* Debug */,
				54D478002BA8720100349CC3 /* Release */,
			);
			defaultConfigurationIsVisible = 0;
			defaultConfigurationName = Release;
		};
/* End XCConfigurationList section */
	};
	rootObject = 54D477E82BA8720000349CC3 /* Project object */;
}
